
Microsoft Visual Studio Solution File, Format Version 12.00
# Visual Studio 2012
Project("{FAE04EC0-301F-11D3-BF4B-00C04F79EFBC}") = "WebAPI", "WebAPI.csproj", "{82F54305-7B43-42D2-A1A1-DD0F52243570}"
EndProject
Project("{FAE04EC0-301F-11D3-BF4B-00C04F79EFBC}") = "ClassLib", "..\ClassLib\ClassLib.csproj", "{41CFB413-4909-41E4-A7C7-07E652DEEE16}"
EndProject
Project("{FAE04EC0-301F-11D3-BF4B-00C04F79EFBC}") = "CSSFriendly", "..\CSSFriendly\CSSFriendly.csproj", "{1439911B-BE4E-48A0-9208-927321992C67}"
EndProject
Project("{FAE04EC0-301F-11D3-BF4B-00C04F79EFBC}") = "DataAccess", "..\DataAccess\DataAccess.csproj", "{24EB0137-ECA0-43EA-8143-245917D6CDAC}"
EndProject
Project("{FAE04EC0-301F-11D3-BF4B-00C04F79EFBC}") = "LINQToSQL", "..\LINQToSQL\LINQToSQL.csproj", "{32A3F1A8-9A71-45B7-AEC2-026FD4BF37E9}"
EndProject
Global
	GlobalSection(SolutionConfigurationPlatforms) = preSolution
		Debug|Any CPU = Debug|Any CPU
		Production|Any CPU = Production|Any CPU
		Release|Any CPU = Release|Any CPU
	EndGlobalSection
	GlobalSection(ProjectConfigurationPlatforms) = postSolution
		{82F54305-7B43-42D2-A1A1-DD0F52243570}.Debug|Any CPU.ActiveCfg = Debug|Any CPU
		{82F54305-7B43-42D2-A1A1-DD0F52243570}.Debug|Any CPU.Build.0 = Debug|Any CPU
		{82F54305-7B43-42D2-A1A1-DD0F52243570}.Production|Any CPU.ActiveCfg = Release|Any CPU
		{82F54305-7B43-42D2-A1A1-DD0F52243570}.Production|Any CPU.Build.0 = Release|Any CPU
		{82F54305-7B43-42D2-A1A1-DD0F52243570}.Release|Any CPU.ActiveCfg = Release|Any CPU
		{82F54305-7B43-42D2-A1A1-DD0F52243570}.Release|Any CPU.Build.0 = Release|Any CPU
		{41CFB413-4909-41E4-A7C7-07E652DEEE16}.Debug|Any CPU.ActiveCfg = Debug|Any CPU
		{41CFB413-4909-41E4-A7C7-07E652DEEE16}.Debug|Any CPU.Build.0 = Debug|Any CPU
		{41CFB413-4909-41E4-A7C7-07E652DEEE16}.Production|Any CPU.ActiveCfg = Production|Any CPU
		{41CFB413-4909-41E4-A7C7-07E652DEEE16}.Production|Any CPU.Build.0 = Production|Any CPU
		{41CFB413-4909-41E4-A7C7-07E652DEEE16}.Release|Any CPU.ActiveCfg = Release|Any CPU
		{41CFB413-4909-41E4-A7C7-07E652DEEE16}.Release|Any CPU.Build.0 = Release|Any CPU
		{1439911B-BE4E-48A0-9208-927321992C67}.Debug|Any CPU.ActiveCfg = Debug|Any CPU
		{1439911B-BE4E-48A0-9208-927321992C67}.Debug|Any CPU.Build.0 = Debug|Any CPU
		{1439911B-BE4E-48A0-9208-927321992C67}.Production|Any CPU.ActiveCfg = Production|Any CPU
		{1439911B-BE4E-48A0-9208-927321992C67}.Production|Any CPU.Build.0 = Production|Any CPU
		{1439911B-BE4E-48A0-9208-927321992C67}.Release|Any CPU.ActiveCfg = Release|Any CPU
		{1439911B-BE4E-48A0-9208-927321992C67}.Release|Any CPU.Build.0 = Release|Any CPU
		{24EB0137-ECA0-43EA-8143-245917D6CDAC}.Debug|Any CPU.ActiveCfg = Debug|Any CPU
		{24EB0137-ECA0-43EA-8143-245917D6CDAC}.Debug|Any CPU.Build.0 = Debug|Any CPU
		{24EB0137-ECA0-43EA-8143-245917D6CDAC}.Production|Any CPU.ActiveCfg = Production|Any CPU
		{24EB0137-ECA0-43EA-8143-245917D6CDAC}.Production|Any CPU.Build.0 = Production|Any CPU
		{24EB0137-ECA0-43EA-8143-245917D6CDAC}.Release|Any CPU.ActiveCfg = Release|Any CPU
		{24EB0137-ECA0-43EA-8143-245917D6CDAC}.Release|Any CPU.Build.0 = Release|Any CPU
		{32A3F1A8-9A71-45B7-AEC2-026FD4BF37E9}.Debug|Any CPU.ActiveCfg = Debug|Any CPU
		{32A3F1A8-9A71-45B7-AEC2-026FD4BF37E9}.Debug|Any CPU.Build.0 = Debug|Any CPU
		{32A3F1A8-9A71-45B7-AEC2-026FD4BF37E9}.Production|Any CPU.ActiveCfg = Production|Any CPU
		{32A3F1A8-9A71-45B7-AEC2-026FD4BF37E9}.Production|Any CPU.Build.0 = Production|Any CPU
		{32A3F1A8-9A71-45B7-AEC2-026FD4BF37E9}.Release|Any CPU.ActiveCfg = Release|Any CPU
		{32A3F1A8-9A71-45B7-AEC2-026FD4BF37E9}.Release|Any CPU.Build.0 = Release|Any CPU
	EndGlobalSection
	GlobalSection(SolutionProperties) = preSolution
		HideSolutionNode = FALSE
	EndGlobalSection
	GlobalSection(Performance) = preSolution
		HasPerformanceSessions = true
	EndGlobalSection
EndGlobal
